
Microsoft Visual Studio Solution File, Format Version 12.00
# Visual Studio Version 17
VisualStudioVersion = 17.7.34024.191
MinimumVisualStudioVersion = 10.0.40219.1
Project("{8BC9CEB8-8B4A-11D0-8D11-00A0C91BC942}") = "WebCrawler", "WebCrawler.vcxproj", "{BEDC98EC-9A94-46EC-865E-E2EDE2A356A7}"
EndProject
Project("{8BC9CEB8-8B4A-11D0-8D11-00A0C91BC942}") = "HttpClient", "HttpClient\HttpClient.vcxproj", "{2230E3EF-A3B2-44A6-B4E5-A22DFB6F81A8}"
EndProject
Project("{8BC9CEB8-8B4A-11D0-8D11-00A0C91BC942}") = "StateMachine", "StateMachine\StateMachine.vcxproj", "{040C1D69-A889-46E2-928F-35AF91F41FBA}"
EndProject
Project("{8BC9CEB8-8B4A-11D0-8D11-00A0C91BC942}") = "Url", "Url\Url.vcxproj", "{4B4B2FE3-354D-4C7D-AFFD-016F38A44464}"
EndProject
Project("{8BC9CEB8-8B4A-11D0-8D11-00A0C91BC942}") = "TestSuite", "TestSuite\TestSuite.vcxproj", "{F070CA15-496F-4ECF-8B47-13207A76BE30}"
EndProject
Project("{8BC9CEB8-8B4A-11D0-8D11-00A0C91BC942}") = "HTML", "HTML\HTML.vcxproj", "{51E6DC4E-E8E2-455F-9DE9-F590D1A2E608}"
EndProject
Project("{8BC9CEB8-8B4A-11D0-8D11-00A0C91BC942}") = "Arguments", "Arguments\Arguments.vcxproj", "{2C2AAD93-0627-42CE-B06F-04DD5F4EC4DF}"
EndProject
Global
	GlobalSection(SolutionConfigurationPlatforms) = preSolution
		Debug|x64 = Debug|x64
		Debug|x86 = Debug|x86
		Release|x64 = Release|x64
		Release|x86 = Release|x86
	EndGlobalSection
	GlobalSection(ProjectConfigurationPlatforms) = postSolution
		{BEDC98EC-9A94-46EC-865E-E2EDE2A356A7}.Debug|x64.ActiveCfg = Debug|x64
		{BEDC98EC-9A94-46EC-865E-E2EDE2A356A7}.Debug|x64.Build.0 = Debug|x64
		{BEDC98EC-9A94-46EC-865E-E2EDE2A356A7}.Debug|x86.ActiveCfg = Debug|Win32
		{BEDC98EC-9A94-46EC-865E-E2EDE2A356A7}.Debug|x86.Build.0 = Debug|Win32
		{BEDC98EC-9A94-46EC-865E-E2EDE2A356A7}.Release|x64.ActiveCfg = Release|x64
		{BEDC98EC-9A94-46EC-865E-E2EDE2A356A7}.Release|x64.Build.0 = Release|x64
		{BEDC98EC-9A94-46EC-865E-E2EDE2A356A7}.Release|x86.ActiveCfg = Release|Win32
		{BEDC98EC-9A94-46EC-865E-E2EDE2A356A7}.Release|x86.Build.0 = Release|Win32
		{2230E3EF-A3B2-44A6-B4E5-A22DFB6F81A8}.Debug|x64.ActiveCfg = Debug|x64
		{2230E3EF-A3B2-44A6-B4E5-A22DFB6F81A8}.Debug|x64.Build.0 = Debug|x64
		{2230E3EF-A3B2-44A6-B4E5-A22DFB6F81A8}.Debug|x86.ActiveCfg = Debug|Win32
		{2230E3EF-A3B2-44A6-B4E5-A22DFB6F81A8}.Debug|x86.Build.0 = Debug|Win32
		{2230E3EF-A3B2-44A6-B4E5-A22DFB6F81A8}.Release|x64.ActiveCfg = Release|x64
		{2230E3EF-A3B2-44A6-B4E5-A22DFB6F81A8}.Release|x64.Build.0 = Release|x64
		{2230E3EF-A3B2-44A6-B4E5-A22DFB6F81A8}.Release|x86.ActiveCfg = Release|Win32
		{2230E3EF-A3B2-44A6-B4E5-A22DFB6F81A8}.Release|x86.Build.0 = Release|Win32
		{040C1D69-A889-46E2-928F-35AF91F41FBA}.Debug|x64.ActiveCfg = Debug|x64
		{040C1D69-A889-46E2-928F-35AF91F41FBA}.Debug|x64.Build.0 = Debug|x64
		{040C1D69-A889-46E2-928F-35AF91F41FBA}.Debug|x86.ActiveCfg = Debug|Win32
		{040C1D69-A889-46E2-928F-35AF91F41FBA}.Debug|x86.Build.0 = Debug|Win32
		{040C1D69-A889-46E2-928F-35AF91F41FBA}.Release|x64.ActiveCfg = Release|x64
		{040C1D69-A889-46E2-928F-35AF91F41FBA}.Release|x64.Build.0 = Release|x64
		{040C1D69-A889-46E2-928F-35AF91F41FBA}.Release|x86.ActiveCfg = Release|Win32
		{040C1D69-A889-46E2-928F-35AF91F41FBA}.Release|x86.Build.0 = Release|Win32
		{4B4B2FE3-354D-4C7D-AFFD-016F38A44464}.Debug|x64.ActiveCfg = Debug|x64
		{4B4B2FE3-354D-4C7D-AFFD-016F38A44464}.Debug|x64.Build.0 = Debug|x64
		{4B4B2FE3-354D-4C7D-AFFD-016F38A44464}.Debug|x86.ActiveCfg = Debug|Win32
		{4B4B2FE3-354D-4C7D-AFFD-016F38A44464}.Debug|x86.Build.0 = Debug|Win32
		{4B4B2FE3-354D-4C7D-AFFD-016F38A44464}.Release|x64.ActiveCfg = Release|x64
		{4B4B2FE3-354D-4C7D-AFFD-016F38A44464}.Release|x64.Build.0 = Release|x64
		{4B4B2FE3-354D-4C7D-AFFD-016F38A44464}.Release|x86.ActiveCfg = Release|Win32
		{4B4B2FE3-354D-4C7D-AFFD-016F38A44464}.Release|x86.Build.0 = Release|Win32
		{F070CA15-496F-4ECF-8B47-13207A76BE30}.Debug|x64.ActiveCfg = Debug|x64
		{F070CA15-496F-4ECF-8B47-13207A76BE30}.Debug|x64.Build.0 = Debug|x64
		{F070CA15-496F-4ECF-8B47-13207A76BE30}.Debug|x86.ActiveCfg = Debug|Win32
		{F070CA15-496F-4ECF-8B47-13207A76BE30}.Debug|x86.Build.0 = Debug|Win32
		{F070CA15-496F-4ECF-8B47-13207A76BE30}.Release|x64.ActiveCfg = Release|x64
		{F070CA15-496F-4ECF-8B47-13207A76BE30}.Release|x64.Build.0 = Release|x64
		{F070CA15-496F-4ECF-8B47-13207A76BE30}.Release|x86.ActiveCfg = Release|Win32
		{F070CA15-496F-4ECF-8B47-13207A76BE30}.Release|x86.Build.0 = Release|Win32
		{51E6DC4E-E8E2-455F-9DE9-F590D1A2E608}.Debug|x64.ActiveCfg = Debug|x64
		{51E6DC4E-E8E2-455F-9DE9-F590D1A2E608}.Debug|x64.Build.0 = Debug|x64
		{51E6DC4E-E8E2-455F-9DE9-F590D1A2E608}.Debug|x86.ActiveCfg = Debug|Win32
		{51E6DC4E-E8E2-455F-9DE9-F590D1A2E608}.Debug|x86.Build.0 = Debug|Win32
		{51E6DC4E-E8E2-455F-9DE9-F590D1A2E608}.Release|x64.ActiveCfg = Release|x64
		{51E6DC4E-E8E2-455F-9DE9-F590D1A2E608}.Release|x64.Build.0 = Release|x64
		{51E6DC4E-E8E2-455F-9DE9-F590D1A2E608}.Release|x86.ActiveCfg = Release|Win32
		{51E6DC4E-E8E2-455F-9DE9-F590D1A2E608}.Release|x86.Build.0 = Release|Win32
		{2C2AAD93-0627-42CE-B06F-04DD5F4EC4DF}.Debug|x64.ActiveCfg = Debug|x64
		{2C2AAD93-0627-42CE-B06F-04DD5F4EC4DF}.Debug|x64.Build.0 = Debug|x64
		{2C2AAD93-0627-42CE-B06F-04DD5F4EC4DF}.Debug|x86.ActiveCfg = Debug|Win32
		{2C2AAD93-0627-42CE-B06F-04DD5F4EC4DF}.Debug|x86.Build.0 = Debug|Win32
		{2C2AAD93-0627-42CE-B06F-04DD5F4EC4DF}.Release|x64.ActiveCfg = Release|x64
		{2C2AAD93-0627-42CE-B06F-04DD5F4EC4DF}.Release|x64.Build.0 = Release|x64
		{2C2AAD93-0627-42CE-B06F-04DD5F4EC4DF}.Release|x86.ActiveCfg = Release|Win32
		{2C2AAD93-0627-42CE-B06F-04DD5F4EC4DF}.Release|x86.Build.0 = Release|Win32
	EndGlobalSection
	GlobalSection(SolutionProperties) = preSolution
		HideSolutionNode = FALSE
	EndGlobalSection
	GlobalSection(ExtensibilityGlobals) = postSolution
		SolutionGuid = {6745721C-1316-4D64-A44A-B72CCA5965E0}
	EndGlobalSection
EndGlobal
