<?xml version="1.0" encoding="utf-8"?>
<Project ToolsVersion="4.0" xmlns="http://schemas.microsoft.com/developer/msbuild/2003">
  <ItemGroup>
    <Filter Include="Source Files">
      <UniqueIdentifier>{4FC737F1-C7A5-4376-A066-2A32D752A2FF}</UniqueIdentifier>
      <Extensions>cpp;c;cc;cxx;c++;cppm;ixx;def;odl;idl;hpj;bat;asm;asmx</Extensions>
    </Filter>
    <Filter Include="Header Files">
      <UniqueIdentifier>{93995380-89BD-4b04-88EB-625FBE52EBFB}</UniqueIdentifier>
      <Extensions>h;hh;hpp;hxx;h++;hm;inl;inc;ipp;xsd</Extensions>
    </Filter>
  </ItemGroup>
  <ItemGroup>
    <ClInclude Include="HTMLDocument.h">
      <Filter>Header Files</Filter>
    </ClInclude>
    <ClInclude Include="HTMLNode.h">
      <Filter>Header Files</Filter>
    </ClInclude>
    <ClInclude Include="HTMLLexer.h">
      <Filter>Header Files</Filter>
    </ClInclude>
    <ClInclude Include="HTMLLexGenericState.h">
      <Filter>Header Files</Filter>
    </ClInclude>
    <ClInclude Include="HTMLParser.h">
      <Filter>Header Files</Filter>
    </ClInclude>
    <ClInclude Include="HTMLParseGenericState.h">
      <Filter>Header Files</Filter>
    </ClInclude>
    <ClInclude Include="HTMLSelector.h">
      <Filter>Header Files</Filter>
    </ClInclude>
    <ClInclude Include="HTMLSelectorRule.h">
      <Filter>Header Files</Filter>
    </ClInclude>
    <ClInclude Include="HTMLSelectorExecutor.h">
      <Filter>Header Files</Filter>
    </ClInclude>
    <ClInclude Include="HTMLStringMemoryState.h">
      <Filter>Header Files</Filter>
    </ClInclude>
    <ClInclude Include="HTMLLexTagState.h">
      <Filter>Header Files</Filter>
    </ClInclude>
    <ClInclude Include="HTMLLexStringState.h">
      <Filter>Header Files</Filter>
    </ClInclude>
    <ClInclude Include="HTMLParseTagState.h">
      <Filter>Header Files</Filter>
    </ClInclude>
    <ClInclude Include="HTMLParseCommentState.h">
      <Filter>Header Files</Filter>
    </ClInclude>
    <ClInclude Include="HTMLLexCommentState.h">
      <Filter>Header Files</Filter>
    </ClInclude>
    <ClInclude Include="HTMLLexWhitespaceState.h">
      <Filter>Header Files</Filter>
    </ClInclude>
    <ClInclude Include="HTMLLexScriptTagState.h">
      <Filter>Header Files</Filter>
    </ClInclude>
    <ClInclude Include="Cached.h">
      <Filter>Header Files</Filter>
    </ClInclude>
    <ClInclude Include="AttributeRequirement.h">
      <Filter>Header Files</Filter>
    </ClInclude>
    <ClInclude Include="SelectorLexer.h">
      <Filter>Header Files</Filter>
    </ClInclude>
    <ClInclude Include="SelectorLexGenericState.h">
      <Filter>Header Files</Filter>
    </ClInclude>
    <ClInclude Include="SelectorParser.h">
      <Filter>Header Files</Filter>
    </ClInclude>
    <ClInclude Include="SelectorLexAttributeState.h">
      <Filter>Header Files</Filter>
    </ClInclude>
    <ClInclude Include="SelectorLexStringState.h">
      <Filter>Header Files</Filter>
    </ClInclude>
    <ClInclude Include="SelectorParseGenericState.h">
      <Filter>Header Files</Filter>
    </ClInclude>
  </ItemGroup>
  <ItemGroup>
    <ClCompile Include="HTMLDocument.cpp">
      <Filter>Source Files</Filter>
    </ClCompile>
    <ClCompile Include="HTMLNode.cpp">
      <Filter>Source Files</Filter>
    </ClCompile>
    <ClCompile Include="HTMLLexer.cpp">
      <Filter>Source Files</Filter>
    </ClCompile>
    <ClCompile Include="HTMLLexGenericState.cpp">
      <Filter>Source Files</Filter>
    </ClCompile>
    <ClCompile Include="HTMLParser.cpp">
      <Filter>Source Files</Filter>
    </ClCompile>
    <ClCompile Include="HTMLParseGenericState.cpp">
      <Filter>Source Files</Filter>
    </ClCompile>
    <ClCompile Include="HTMLSelector.cpp">
      <Filter>Source Files</Filter>
    </ClCompile>
    <ClCompile Include="HTMLSelectorRule.cpp">
      <Filter>Source Files</Filter>
    </ClCompile>
    <ClCompile Include="HTMLSelectorExecutor.cpp">
      <Filter>Source Files</Filter>
    </ClCompile>
    <ClCompile Include="HTMLStringMemoryState.cpp">
      <Filter>Source Files</Filter>
    </ClCompile>
    <ClCompile Include="HTMLLexTagState.cpp">
      <Filter>Source Files</Filter>
    </ClCompile>
    <ClCompile Include="HTMLLexStringState.cpp">
      <Filter>Source Files</Filter>
    </ClCompile>
    <ClCompile Include="HTMLParseTagState.cpp">
      <Filter>Source Files</Filter>
    </ClCompile>
    <ClCompile Include="HTMLParseCommentState.cpp">
      <Filter>Source Files</Filter>
    </ClCompile>
    <ClCompile Include="HTMLLexCommentState.cpp">
      <Filter>Source Files</Filter>
    </ClCompile>
    <ClCompile Include="HTMLLexWhitespaceState.cpp">
      <Filter>Source Files</Filter>
    </ClCompile>
    <ClCompile Include="HTMLLexScriptTagState.cpp">
      <Filter>Source Files</Filter>
    </ClCompile>
    <ClCompile Include="SelectorLexer.cpp">
      <Filter>Source Files</Filter>
    </ClCompile>
    <ClCompile Include="SelectorLexGenericState.cpp">
      <Filter>Source Files</Filter>
    </ClCompile>
    <ClCompile Include="SelectorParser.cpp">
      <Filter>Source Files</Filter>
    </ClCompile>
    <ClCompile Include="SelectorLexAttributeState.cpp">
      <Filter>Source Files</Filter>
    </ClCompile>
    <ClCompile Include="SelectorLexStringState.cpp">
      <Filter>Source Files</Filter>
    </ClCompile>
    <ClCompile Include="SelectorParseGenericState.cpp">
      <Filter>Source Files</Filter>
    </ClCompile>
  </ItemGroup>
</Project>